<?xml version="1.0" encoding="utf-8"?>
<Project ToolsVersion="4.0" xmlns="http://schemas.microsoft.com/developer/msbuild/2003">
  <ItemGroup>
    <ClCompile Include="Application.cpp" />
    <ClCompile Include="Main.cpp" />
    <ClCompile Include="MathGeoLib\include\Geometry\AABB.cpp">
      <Filter>MathGeoLib\Geometry</Filter>
    </ClCompile>
    <ClCompile Include="MathGeoLib\include\Geometry\Capsule.cpp">
      <Filter>MathGeoLib\Geometry</Filter>
    </ClCompile>
    <ClCompile Include="MathGeoLib\include\Geometry\Circle.cpp">
      <Filter>MathGeoLib\Geometry</Filter>
    </ClCompile>
    <ClCompile Include="MathGeoLib\include\Geometry\Cone.cpp">
      <Filter>MathGeoLib\Geometry</Filter>
    </ClCompile>
    <ClCompile Include="MathGeoLib\include\Geometry\Cylinder.cpp">
      <Filter>MathGeoLib\Geometry</Filter>
    </ClCompile>
    <ClCompile Include="MathGeoLib\include\Geometry\Frustum.cpp">
      <Filter>MathGeoLib\Geometry</Filter>
    </ClCompile>
    <ClCompile Include="MathGeoLib\include\Geometry\Line.cpp">
      <Filter>MathGeoLib\Geometry</Filter>
    </ClCompile>
    <ClCompile Include="MathGeoLib\include\Geometry\LineSegment.cpp">
      <Filter>MathGeoLib\Geometry</Filter>
    </ClCompile>
    <ClCompile Include="MathGeoLib\include\Geometry\OBB.cpp">
      <Filter>MathGeoLib\Geometry</Filter>
    </ClCompile>
    <ClCompile Include="MathGeoLib\include\Geometry\Plane.cpp">
      <Filter>MathGeoLib\Geometry</Filter>
    </ClCompile>
    <ClCompile Include="MathGeoLib\include\Geometry\Polygon.cpp">
      <Filter>MathGeoLib\Geometry</Filter>
    </ClCompile>
    <ClCompile Include="MathGeoLib\include\Geometry\Polyhedron.cpp">
      <Filter>MathGeoLib\Geometry</Filter>
    </ClCompile>
    <ClCompile Include="MathGeoLib\include\Geometry\Ray.cpp">
      <Filter>MathGeoLib\Geometry</Filter>
    </ClCompile>
    <ClCompile Include="MathGeoLib\include\Geometry\Sphere.cpp">
      <Filter>MathGeoLib\Geometry</Filter>
    </ClCompile>
    <ClCompile Include="MathGeoLib\include\Geometry\Triangle.cpp">
      <Filter>MathGeoLib\Geometry</Filter>
    </ClCompile>
    <ClCompile Include="MathGeoLib\include\Geometry\TriangleMesh.cpp">
      <Filter>MathGeoLib\Geometry</Filter>
    </ClCompile>
    <ClCompile Include="MathGeoLib\include\Algorithm\Random\LCG.cpp">
      <Filter>MathGeoLib\Geometry\Algorithm</Filter>
    </ClCompile>
    <ClCompile Include="MathGeoLib\include\Math\BitOps.cpp">
      <Filter>MathGeoLib\Math</Filter>
    </ClCompile>
    <ClCompile Include="MathGeoLib\include\Math\float2.cpp">
      <Filter>MathGeoLib\Math</Filter>
    </ClCompile>
    <ClCompile Include="MathGeoLib\include\Math\float3.cpp">
      <Filter>MathGeoLib\Math</Filter>
    </ClCompile>
    <ClCompile Include="MathGeoLib\include\Math\float3x3.cpp">
      <Filter>MathGeoLib\Math</Filter>
    </ClCompile>
    <ClCompile Include="MathGeoLib\include\Math\float3x4.cpp">
      <Filter>MathGeoLib\Math</Filter>
    </ClCompile>
    <ClCompile Include="MathGeoLib\include\Math\float4.cpp">
      <Filter>MathGeoLib\Math</Filter>
    </ClCompile>
    <ClCompile Include="MathGeoLib\include\Math\float4x4.cpp">
      <Filter>MathGeoLib\Math</Filter>
    </ClCompile>
    <ClCompile Include="MathGeoLib\include\Math\MathFunc.cpp">
      <Filter>MathGeoLib\Math</Filter>
    </ClCompile>
    <ClCompile Include="MathGeoLib\include\Math\MathLog.cpp">
      <Filter>MathGeoLib\Math</Filter>
    </ClCompile>
    <ClCompile Include="MathGeoLib\include\Math\MathOps.cpp">
      <Filter>MathGeoLib\Math</Filter>
    </ClCompile>
    <ClCompile Include="MathGeoLib\include\Math\Polynomial.cpp">
      <Filter>MathGeoLib\Math</Filter>
    </ClCompile>
    <ClCompile Include="MathGeoLib\include\Math\Quat.cpp">
      <Filter>MathGeoLib\Math</Filter>
    </ClCompile>
    <ClCompile Include="MathGeoLib\include\Math\SSEMath.cpp">
      <Filter>MathGeoLib\Math</Filter>
    </ClCompile>
    <ClCompile Include="MathGeoLib\include\Math\TransformOps.cpp">
      <Filter>MathGeoLib\Math</Filter>
    </ClCompile>
    <ClCompile Include="MathGeoLib\include\Time\Clock.cpp">
      <Filter>MathGeoLib\Time</Filter>
    </ClCompile>
    <ClCompile Include="Imgui\imgui_widgets.cpp">
      <Filter>Imgui</Filter>
    </ClCompile>
    <ClCompile Include="Imgui\imgui_impl_sdl.cpp">
      <Filter>Imgui</Filter>
    </ClCompile>
    <ClCompile Include="Imgui\imgui_impl_opengl3.cpp">
      <Filter>Imgui</Filter>
    </ClCompile>
    <ClCompile Include="Imgui\imgui_draw.cpp">
      <Filter>Imgui</Filter>
    </ClCompile>
    <ClCompile Include="Imgui\imgui_demo.cpp">
      <Filter>Imgui</Filter>
    </ClCompile>
    <ClCompile Include="Imgui\imgui.cpp">
      <Filter>Imgui</Filter>
    </ClCompile>
    <ClCompile Include="log.cpp">
      <Filter>Util</Filter>
    </ClCompile>
    <ClCompile Include="ModuleWindow.cpp">
      <Filter>Modules</Filter>
    </ClCompile>
    <ClCompile Include="ModuleTextures.cpp">
      <Filter>Modules</Filter>
    </ClCompile>
    <ClCompile Include="ModuleShader.cpp">
      <Filter>Modules</Filter>
    </ClCompile>
    <ClCompile Include="ModuleRenderTriangle.cpp">
      <Filter>Modules</Filter>
    </ClCompile>
    <ClCompile Include="ModuleRender.cpp">
      <Filter>Modules</Filter>
    </ClCompile>
    <ClCompile Include="ModuleModelLoader.cpp">
      <Filter>Modules</Filter>
    </ClCompile>
    <ClCompile Include="ModuleInput.cpp">
      <Filter>Modules</Filter>
    </ClCompile>
    <ClCompile Include="ModuleEnvironment.cpp">
      <Filter>Modules</Filter>
    </ClCompile>
    <ClCompile Include="ModuleEditor.cpp">
      <Filter>Modules</Filter>
    </ClCompile>
    <ClCompile Include="ModuleCamera.cpp">
      <Filter>Modules</Filter>
    </ClCompile>
    <ClCompile Include="GameObject.cpp">
      <Filter>GameObjectsAndComponents</Filter>
    </ClCompile>
    <ClCompile Include="Component.cpp">
      <Filter>GameObjectsAndComponents</Filter>
    </ClCompile>
    <ClCompile Include="ComponentMesh.cpp">
      <Filter>GameObjectsAndComponents</Filter>
    </ClCompile>
    <ClCompile Include="ComponentMaterial.cpp">
      <Filter>GameObjectsAndComponents</Filter>
    </ClCompile>
    <ClCompile Include="ComponentTransformation.cpp">
      <Filter>GameObjectsAndComponents</Filter>
    </ClCompile>
    <ClCompile Include="ModuleDebugDraw.cpp">
      <Filter>Modules</Filter>
    </ClCompile>
    <ClCompile Include="ModuleScene.cpp">
      <Filter>Modules</Filter>
    </ClCompile>
    <ClCompile Include="ComponentCamera.cpp">
      <Filter>GameObjectsAndComponents</Filter>
    </ClCompile>
    <ClCompile Include="ModuleFileSystem.cpp">
      <Filter>Modules</Filter>
    </ClCompile>
    <ClCompile Include="ModuleLibrary.cpp">
      <Filter>Modules</Filter>
    </ClCompile>
    <ClCompile Include="ImporterMaterial.cpp">
      <Filter>Util</Filter>
    </ClCompile>
    <ClCompile Include="ImporterMesh.cpp">
      <Filter>Util</Filter>
    </ClCompile>
    <ClCompile Include="crossguid\Guid.cpp">
      <Filter>Util</Filter>
    </ClCompile>
    <ClCompile Include="Config.cpp">
      <Filter>Util</Filter>
    </ClCompile>
    <ClCompile Include="ImGuizmo.cpp">
      <Filter>Util</Filter>
    </ClCompile>
    <ClCompile Include="mmgr\mmgr.cpp">
      <Filter>mmgr</Filter>
    </ClCompile>
    <ClCompile Include="Quadtree.cpp">
      <Filter>Util</Filter>
    </ClCompile>
  </ItemGroup>
  <ItemGroup>
    <ClInclude Include="Application.h" />
    <ClInclude Include="Globals.h" />
    <ClInclude Include="MathGeoLib\include\Geometry\AABB.h">
      <Filter>MathGeoLib\Geometry</Filter>
    </ClInclude>
    <ClInclude Include="MathGeoLib\include\Geometry\AABB2D.h">
      <Filter>MathGeoLib\Geometry</Filter>
    </ClInclude>
    <ClInclude Include="MathGeoLib\include\Geometry\Capsule.h">
      <Filter>MathGeoLib\Geometry</Filter>
    </ClInclude>
    <ClInclude Include="MathGeoLib\include\Geometry\Circle.h">
      <Filter>MathGeoLib\Geometry</Filter>
    </ClInclude>
    <ClInclude Include="MathGeoLib\include\Geometry\Cone.h">
      <Filter>MathGeoLib\Geometry</Filter>
    </ClInclude>
    <ClInclude Include="MathGeoLib\include\Geometry\Cylinder.h">
      <Filter>MathGeoLib\Geometry</Filter>
    </ClInclude>
    <ClInclude Include="MathGeoLib\include\Geometry\Frustum.h">
      <Filter>MathGeoLib\Geometry</Filter>
    </ClInclude>
    <ClInclude Include="MathGeoLib\include\Geometry\GeometryAll.h">
      <Filter>MathGeoLib\Geometry</Filter>
    </ClInclude>
    <ClInclude Include="MathGeoLib\include\Geometry\GeomType.h">
      <Filter>MathGeoLib\Geometry</Filter>
    </ClInclude>
    <ClInclude Include="MathGeoLib\include\Geometry\HitInfo.h">
      <Filter>MathGeoLib\Geometry</Filter>
    </ClInclude>
    <ClInclude Include="MathGeoLib\include\Geometry\KDTree.h">
      <Filter>MathGeoLib\Geometry</Filter>
    </ClInclude>
    <ClInclude Include="MathGeoLib\include\Geometry\Line.h">
      <Filter>MathGeoLib\Geometry</Filter>
    </ClInclude>
    <ClInclude Include="MathGeoLib\include\Geometry\LineSegment.h">
      <Filter>MathGeoLib\Geometry</Filter>
    </ClInclude>
    <ClInclude Include="MathGeoLib\include\Geometry\OBB.h">
      <Filter>MathGeoLib\Geometry</Filter>
    </ClInclude>
    <ClInclude Include="MathGeoLib\include\Geometry\PBVolume.h">
      <Filter>MathGeoLib\Geometry</Filter>
    </ClInclude>
    <ClInclude Include="MathGeoLib\include\Geometry\Plane.h">
      <Filter>MathGeoLib\Geometry</Filter>
    </ClInclude>
    <ClInclude Include="MathGeoLib\include\Geometry\Polygon.h">
      <Filter>MathGeoLib\Geometry</Filter>
    </ClInclude>
    <ClInclude Include="MathGeoLib\include\Geometry\Polyhedron.h">
      <Filter>MathGeoLib\Geometry</Filter>
    </ClInclude>
    <ClInclude Include="MathGeoLib\include\Geometry\QuadTree.h">
      <Filter>MathGeoLib\Geometry</Filter>
    </ClInclude>
    <ClInclude Include="MathGeoLib\include\Geometry\Ray.h">
      <Filter>MathGeoLib\Geometry</Filter>
    </ClInclude>
    <ClInclude Include="MathGeoLib\include\Geometry\Sphere.h">
      <Filter>MathGeoLib\Geometry</Filter>
    </ClInclude>
    <ClInclude Include="MathGeoLib\include\Geometry\Triangle.h">
      <Filter>MathGeoLib\Geometry</Filter>
    </ClInclude>
    <ClInclude Include="MathGeoLib\include\Geometry\TriangleMesh.h">
      <Filter>MathGeoLib\Geometry</Filter>
    </ClInclude>
    <ClInclude Include="MathGeoLib\include\Algorithm\Random\LCG.h">
      <Filter>MathGeoLib\Geometry\Algorithm</Filter>
    </ClInclude>
    <ClInclude Include="MathGeoLib\include\Math\assume.h">
      <Filter>MathGeoLib\Math</Filter>
    </ClInclude>
    <ClInclude Include="MathGeoLib\include\Math\BitOps.h">
      <Filter>MathGeoLib\Math</Filter>
    </ClInclude>
    <ClInclude Include="MathGeoLib\include\Math\Complex.h">
      <Filter>MathGeoLib\Math</Filter>
    </ClInclude>
    <ClInclude Include="MathGeoLib\include\Math\CoordinateAxisConvention.h">
      <Filter>MathGeoLib\Math</Filter>
    </ClInclude>
    <ClInclude Include="MathGeoLib\include\Math\FixedPoint.h">
      <Filter>MathGeoLib\Math</Filter>
    </ClInclude>
    <ClInclude Include="MathGeoLib\include\Math\float2.h">
      <Filter>MathGeoLib\Math</Filter>
    </ClInclude>
    <ClInclude Include="MathGeoLib\include\Math\float3.h">
      <Filter>MathGeoLib\Math</Filter>
    </ClInclude>
    <ClInclude Include="MathGeoLib\include\Math\float3x3.h">
      <Filter>MathGeoLib\Math</Filter>
    </ClInclude>
    <ClInclude Include="MathGeoLib\include\Math\float3x4.h">
      <Filter>MathGeoLib\Math</Filter>
    </ClInclude>
    <ClInclude Include="MathGeoLib\include\Math\float4.h">
      <Filter>MathGeoLib\Math</Filter>
    </ClInclude>
    <ClInclude Include="MathGeoLib\include\Math\float4_neon.h">
      <Filter>MathGeoLib\Math</Filter>
    </ClInclude>
    <ClInclude Include="MathGeoLib\include\Math\float4_sse.h">
      <Filter>MathGeoLib\Math</Filter>
    </ClInclude>
    <ClInclude Include="MathGeoLib\include\Math\float4x4.h">
      <Filter>MathGeoLib\Math</Filter>
    </ClInclude>
    <ClInclude Include="MathGeoLib\include\Math\float4x4_neon.h">
      <Filter>MathGeoLib\Math</Filter>
    </ClInclude>
    <ClInclude Include="MathGeoLib\include\Math\float4x4_sse.h">
      <Filter>MathGeoLib\Math</Filter>
    </ClInclude>
    <ClInclude Include="MathGeoLib\include\Math\FloatCmp.h">
      <Filter>MathGeoLib\Math</Filter>
    </ClInclude>
    <ClInclude Include="MathGeoLib\include\Math\MathAll.h">
      <Filter>MathGeoLib\Math</Filter>
    </ClInclude>
    <ClInclude Include="MathGeoLib\include\Math\MathConstants.h">
      <Filter>MathGeoLib\Math</Filter>
    </ClInclude>
    <ClInclude Include="MathGeoLib\include\Math\MathFunc.h">
      <Filter>MathGeoLib\Math</Filter>
    </ClInclude>
    <ClInclude Include="MathGeoLib\include\Math\MathLog.h">
      <Filter>MathGeoLib\Math</Filter>
    </ClInclude>
    <ClInclude Include="MathGeoLib\include\Math\MathNamespace.h">
      <Filter>MathGeoLib\Math</Filter>
    </ClInclude>
    <ClInclude Include="MathGeoLib\include\Math\MathTypes.h">
      <Filter>MathGeoLib\Math</Filter>
    </ClInclude>
    <ClInclude Include="MathGeoLib\include\Math\MatrixProxy.h">
      <Filter>MathGeoLib\Math</Filter>
    </ClInclude>
    <ClInclude Include="MathGeoLib\include\Math\myassert.h">
      <Filter>MathGeoLib\Math</Filter>
    </ClInclude>
    <ClInclude Include="MathGeoLib\include\Math\Polynomial.h">
      <Filter>MathGeoLib\Math</Filter>
    </ClInclude>
    <ClInclude Include="MathGeoLib\include\Math\Quat.h">
      <Filter>MathGeoLib\Math</Filter>
    </ClInclude>
    <ClInclude Include="MathGeoLib\include\Math\quat_simd.h">
      <Filter>MathGeoLib\Math</Filter>
    </ClInclude>
    <ClInclude Include="MathGeoLib\include\Math\Rect.h">
      <Filter>MathGeoLib\Math</Filter>
    </ClInclude>
    <ClInclude Include="MathGeoLib\include\Math\Reinterpret.h">
      <Filter>MathGeoLib\Math</Filter>
    </ClInclude>
    <ClInclude Include="MathGeoLib\include\Math\sse_mathfun.h">
      <Filter>MathGeoLib\Math</Filter>
    </ClInclude>
    <ClInclude Include="MathGeoLib\include\Math\SSEMath.h">
      <Filter>MathGeoLib\Math</Filter>
    </ClInclude>
    <ClInclude Include="MathGeoLib\include\Math\TransformOps.h">
      <Filter>MathGeoLib\Math</Filter>
    </ClInclude>
    <ClInclude Include="MathGeoLib\include\Time\Clock.h">
      <Filter>MathGeoLib\Time</Filter>
    </ClInclude>
    <ClInclude Include="Imgui\imstb_truetype.h">
      <Filter>Imgui</Filter>
    </ClInclude>
    <ClInclude Include="Imgui\imstb_textedit.h">
      <Filter>Imgui</Filter>
    </ClInclude>
    <ClInclude Include="Imgui\imstb_rectpack.h">
      <Filter>Imgui</Filter>
    </ClInclude>
    <ClInclude Include="Imgui\imgui_internal.h">
      <Filter>Imgui</Filter>
    </ClInclude>
    <ClInclude Include="Imgui\imgui_impl_sdl.h">
      <Filter>Imgui</Filter>
    </ClInclude>
    <ClInclude Include="Imgui\imgui_impl_opengl3.h">
      <Filter>Imgui</Filter>
    </ClInclude>
    <ClInclude Include="Imgui\imgui.h">
      <Filter>Imgui</Filter>
    </ClInclude>
    <ClInclude Include="Imgui\imconfig.h">
      <Filter>Imgui</Filter>
    </ClInclude>
    <ClInclude Include="ModuleWindow.h">
      <Filter>Modules</Filter>
    </ClInclude>
    <ClInclude Include="ModuleTextures.h">
      <Filter>Modules</Filter>
    </ClInclude>
    <ClInclude Include="ModuleShader.h">
      <Filter>Modules</Filter>
    </ClInclude>
    <ClInclude Include="ModuleRenderTriangle.h">
      <Filter>Modules</Filter>
    </ClInclude>
    <ClInclude Include="ModuleRender.h">
      <Filter>Modules</Filter>
    </ClInclude>
    <ClInclude Include="ModuleModelLoader.h">
      <Filter>Modules</Filter>
    </ClInclude>
    <ClInclude Include="ModuleInput.h">
      <Filter>Modules</Filter>
    </ClInclude>
    <ClInclude Include="ModuleEnvironment.h">
      <Filter>Modules</Filter>
    </ClInclude>
    <ClInclude Include="ModuleEditor.h">
      <Filter>Modules</Filter>
    </ClInclude>
    <ClInclude Include="ModuleCamera.h">
      <Filter>Modules</Filter>
    </ClInclude>
    <ClInclude Include="Module.h">
      <Filter>Modules</Filter>
    </ClInclude>
    <ClInclude Include="Timer.h">
      <Filter>Util</Filter>
    </ClInclude>
    <ClInclude Include="Point.h">
      <Filter>Util</Filter>
    </ClInclude>
    <ClInclude Include="GameObject.h">
      <Filter>GameObjectsAndComponents</Filter>
    </ClInclude>
    <ClInclude Include="Component.h">
      <Filter>GameObjectsAndComponents</Filter>
    </ClInclude>
    <ClInclude Include="ComponentMesh.h">
      <Filter>GameObjectsAndComponents</Filter>
    </ClInclude>
    <ClInclude Include="ComponentMaterial.h">
      <Filter>GameObjectsAndComponents</Filter>
    </ClInclude>
    <ClInclude Include="ComponentTransformation.h">
      <Filter>GameObjectsAndComponents</Filter>
    </ClInclude>
    <ClInclude Include="ModuleDebugDraw.h">
      <Filter>Modules</Filter>
    </ClInclude>
    <ClInclude Include="debugdraw.h">
      <Filter>Util</Filter>
    </ClInclude>
    <ClInclude Include="par_shapes.h">
      <Filter>Util</Filter>
    </ClInclude>
    <ClInclude Include="debug_draw.hpp">
      <Filter>Util</Filter>
    </ClInclude>
    <ClInclude Include="ModuleScene.h">
      <Filter>Modules</Filter>
    </ClInclude>
    <ClInclude Include="ComponentCamera.h">
      <Filter>GameObjectsAndComponents</Filter>
    </ClInclude>
    <ClInclude Include="ModuleFileSystem.h">
      <Filter>Modules</Filter>
    </ClInclude>
    <ClInclude Include="ModuleLibrary.h">
      <Filter>Modules</Filter>
    </ClInclude>
    <ClInclude Include="ImporterMesh.h">
      <Filter>Util</Filter>
    </ClInclude>
    <ClInclude Include="ImporterMaterial.h">
      <Filter>Util</Filter>
    </ClInclude>
    <ClInclude Include="crossguid\Guid.hpp">
      <Filter>Util</Filter>
    </ClInclude>
    <ClInclude Include="rapidjson-1.1.0\include\rapidjson\writer.h">
      <Filter>Rapidjson</Filter>
    </ClInclude>
    <ClInclude Include="rapidjson-1.1.0\include\rapidjson\allocators.h">
      <Filter>Rapidjson</Filter>
    </ClInclude>
    <ClInclude Include="rapidjson-1.1.0\include\rapidjson\document.h">
      <Filter>Rapidjson</Filter>
    </ClInclude>
    <ClInclude Include="rapidjson-1.1.0\include\rapidjson\encodedstream.h">
      <Filter>Rapidjson</Filter>
    </ClInclude>
    <ClInclude Include="rapidjson-1.1.0\include\rapidjson\encodings.h">
      <Filter>Rapidjson</Filter>
    </ClInclude>
    <ClInclude Include="rapidjson-1.1.0\include\rapidjson\filereadstream.h">
      <Filter>Rapidjson</Filter>
    </ClInclude>
    <ClInclude Include="rapidjson-1.1.0\include\rapidjson\filewritestream.h">
      <Filter>Rapidjson</Filter>
    </ClInclude>
    <ClInclude Include="rapidjson-1.1.0\include\rapidjson\fwd.h">
      <Filter>Rapidjson</Filter>
    </ClInclude>
    <ClInclude Include="rapidjson-1.1.0\include\rapidjson\istreamwrapper.h">
      <Filter>Rapidjson</Filter>
    </ClInclude>
    <ClInclude Include="rapidjson-1.1.0\include\rapidjson\memorybuffer.h">
      <Filter>Rapidjson</Filter>
    </ClInclude>
    <ClInclude Include="rapidjson-1.1.0\include\rapidjson\memorystream.h">
      <Filter>Rapidjson</Filter>
    </ClInclude>
    <ClInclude Include="rapidjson-1.1.0\include\rapidjson\ostreamwrapper.h">
      <Filter>Rapidjson</Filter>
    </ClInclude>
    <ClInclude Include="rapidjson-1.1.0\include\rapidjson\pointer.h">
      <Filter>Rapidjson</Filter>
    </ClInclude>
    <ClInclude Include="rapidjson-1.1.0\include\rapidjson\prettywriter.h">
      <Filter>Rapidjson</Filter>
    </ClInclude>
    <ClInclude Include="rapidjson-1.1.0\include\rapidjson\rapidjson.h">
      <Filter>Rapidjson</Filter>
    </ClInclude>
    <ClInclude Include="rapidjson-1.1.0\include\rapidjson\reader.h">
      <Filter>Rapidjson</Filter>
    </ClInclude>
    <ClInclude Include="rapidjson-1.1.0\include\rapidjson\schema.h">
      <Filter>Rapidjson</Filter>
    </ClInclude>
    <ClInclude Include="rapidjson-1.1.0\include\rapidjson\stream.h">
      <Filter>Rapidjson</Filter>
    </ClInclude>
    <ClInclude Include="rapidjson-1.1.0\include\rapidjson\stringbuffer.h">
      <Filter>Rapidjson</Filter>
    </ClInclude>
    <ClInclude Include="Config.h">
      <Filter>Util</Filter>
    </ClInclude>
    <ClInclude Include="ImGuizmo.h">
      <Filter>Util</Filter>
    </ClInclude>
    <ClInclude Include="mmgr\mmgr.h">
      <Filter>mmgr</Filter>
    </ClInclude>
    <ClInclude Include="mmgr\nommgr.h">
      <Filter>mmgr</Filter>
    </ClInclude>
    <ClInclude Include="Quadtree.h">
      <Filter>Util</Filter>
    </ClInclude>
  </ItemGroup>
  <ItemGroup>
    <Filter Include="MathGeoLib">
      <UniqueIdentifier>{69637726-3911-4514-901e-b1b17927ec6a}</UniqueIdentifier>
    </Filter>
    <Filter Include="MathGeoLib\Geometry">
      <UniqueIdentifier>{f025131e-d264-421b-ae35-942a61e85fe8}</UniqueIdentifier>
    </Filter>
    <Filter Include="MathGeoLib\Geometry\Algorithm">
      <UniqueIdentifier>{63fed5ee-3c01-4fba-8548-769e1ec066d7}</UniqueIdentifier>
    </Filter>
    <Filter Include="MathGeoLib\Math">
      <UniqueIdentifier>{6ef12ab1-9fff-45e9-be57-1836623d54fc}</UniqueIdentifier>
    </Filter>
    <Filter Include="MathGeoLib\Time">
      <UniqueIdentifier>{ac47e9fb-136d-4979-9b5d-96b211105faa}</UniqueIdentifier>
    </Filter>
    <Filter Include="Imgui">
      <UniqueIdentifier>{03eb3046-8835-4f6e-8dc7-dbc9d46ffee4}</UniqueIdentifier>
    </Filter>
    <Filter Include="Modules">
      <UniqueIdentifier>{208e2f52-8d51-4730-b722-0579af6cac2f}</UniqueIdentifier>
    </Filter>
    <Filter Include="Util">
      <UniqueIdentifier>{5079db37-720c-4cf4-bcaa-57c5e4dc681d}</UniqueIdentifier>
    </Filter>
    <Filter Include="GameObjectsAndComponents">
      <UniqueIdentifier>{f150bff2-8485-47c9-b9c5-e8dd72383e2f}</UniqueIdentifier>
    </Filter>
    <Filter Include="Rapidjson">
      <UniqueIdentifier>{f5014a58-0add-4c31-81e2-52373fd848f4}</UniqueIdentifier>
    </Filter>
    <Filter Include="mmgr">
      <UniqueIdentifier>{3b9edc65-d210-4c7d-941f-792dbc3b32e0}</UniqueIdentifier>
    </Filter>
  </ItemGroup>
</Project>